// !$*UTF8*$!
{
	archiveVersion = 1;
	classes = {
	};
	objectVersion = 55;
	objects = {

/* Begin PBXBuildFile section */
		3A0AC2DD28FB21B700A39425 /* DetailViewController.swift in Sources */ = {isa = PBXBuildFile; fileRef = 3A0AC2DC28FB21B700A39425 /* DetailViewController.swift */; };
		3A3EFC4C28F98ADF00C7EC05 /* AppDelegate.swift in Sources */ = {isa = PBXBuildFile; fileRef = 3A3EFC4B28F98ADF00C7EC05 /* AppDelegate.swift */; };
		3A3EFC4E28F98ADF00C7EC05 /* SceneDelegate.swift in Sources */ = {isa = PBXBuildFile; fileRef = 3A3EFC4D28F98ADF00C7EC05 /* SceneDelegate.swift */; };
		3A3EFC5028F98ADF00C7EC05 /* ViewController.swift in Sources */ = {isa = PBXBuildFile; fileRef = 3A3EFC4F28F98ADF00C7EC05 /* ViewController.swift */; };
		3A3EFC5328F98ADF00C7EC05 /* Main.storyboard in Resources */ = {isa = PBXBuildFile; fileRef = 3A3EFC5128F98ADF00C7EC05 /* Main.storyboard */; };
		3A3EFC5528F98AE200C7EC05 /* Assets.xcassets in Resources */ = {isa = PBXBuildFile; fileRef = 3A3EFC5428F98AE200C7EC05 /* Assets.xcassets */; };
		3A3EFC5828F98AE200C7EC05 /* LaunchScreen.storyboard in Resources */ = {isa = PBXBuildFile; fileRef = 3A3EFC5628F98AE200C7EC05 /* LaunchScreen.storyboard */; };
		3A3EFC6A28F98CBE00C7EC05 /* nssl0051.jpeg in Resources */ = {isa = PBXBuildFile; fileRef = 3A3EFC6028F98CBE00C7EC05 /* nssl0051.jpeg */; };
		3A3EFC6B28F98CBE00C7EC05 /* nssl0046.jpeg in Resources */ = {isa = PBXBuildFile; fileRef = 3A3EFC6128F98CBE00C7EC05 /* nssl0046.jpeg */; };
		3A3EFC6C28F98CBE00C7EC05 /* nssl0041.jpeg in Resources */ = {isa = PBXBuildFile; fileRef = 3A3EFC6228F98CBE00C7EC05 /* nssl0041.jpeg */; };
		3A3EFC6D28F98CBE00C7EC05 /* nssl0034.jpeg in Resources */ = {isa = PBXBuildFile; fileRef = 3A3EFC6328F98CBE00C7EC05 /* nssl0034.jpeg */; };
		3A3EFC6E28F98CBE00C7EC05 /* nssl0043.jpeg in Resources */ = {isa = PBXBuildFile; fileRef = 3A3EFC6428F98CBE00C7EC05 /* nssl0043.jpeg */; };
		3A3EFC6F28F98CBE00C7EC05 /* nssl0042.jpeg in Resources */ = {isa = PBXBuildFile; fileRef = 3A3EFC6528F98CBE00C7EC05 /* nssl0042.jpeg */; };
		3A3EFC7028F98CBE00C7EC05 /* nssl0045.jpeg in Resources */ = {isa = PBXBuildFile; fileRef = 3A3EFC6628F98CBE00C7EC05 /* nssl0045.jpeg */; };
		3A3EFC7128F98CBE00C7EC05 /* nssl0049.jpeg in Resources */ = {isa = PBXBuildFile; fileRef = 3A3EFC6728F98CBE00C7EC05 /* nssl0049.jpeg */; };
		3A3EFC7228F98CBE00C7EC05 /* nssl0033.jpeg in Resources */ = {isa = PBXBuildFile; fileRef = 3A3EFC6828F98CBE00C7EC05 /* nssl0033.jpeg */; };
		3A3EFC7328F98CBE00C7EC05 /* nssl0091.jpeg in Resources */ = {isa = PBXBuildFile; fileRef = 3A3EFC6928F98CBE00C7EC05 /* nssl0091.jpeg */; };
/* End PBXBuildFile section */

/* Begin PBXFileReference section */
		3A0AC2DC28FB21B700A39425 /* DetailViewController.swift */ = {isa = PBXFileReference; lastKnownFileType = sourcecode.swift; path = DetailViewController.swift; sourceTree = "<group>"; };
		3A3EFC4828F98ADF00C7EC05 /* Project1.app */ = {isa = PBXFileReference; explicitFileType = wrapper.application; includeInIndex = 0; path = Project1.app; sourceTree = BUILT_PRODUCTS_DIR; };
		3A3EFC4B28F98ADF00C7EC05 /* AppDelegate.swift */ = {isa = PBXFileReference; lastKnownFileType = sourcecode.swift; path = AppDelegate.swift; sourceTree = "<group>"; };
		3A3EFC4D28F98ADF00C7EC05 /* SceneDelegate.swift */ = {isa = PBXFileReference; lastKnownFileType = sourcecode.swift; path = SceneDelegate.swift; sourceTree = "<group>"; };
		3A3EFC4F28F98ADF00C7EC05 /* ViewController.swift */ = {isa = PBXFileReference; lastKnownFileType = sourcecode.swift; path = ViewController.swift; sourceTree = "<group>"; };
		3A3EFC5228F98ADF00C7EC05 /* Base */ = {isa = PBXFileReference; lastKnownFileType = file.storyboard; name = Base; path = Base.lproj/Main.storyboard; sourceTree = "<group>"; };
		3A3EFC5428F98AE200C7EC05 /* Assets.xcassets */ = {isa = PBXFileReference; lastKnownFileType = folder.assetcatalog; path = Assets.xcassets; sourceTree = "<group>"; };
		3A3EFC5728F98AE200C7EC05 /* Base */ = {isa = PBXFileReference; lastKnownFileType = file.storyboard; name = Base; path = Base.lproj/LaunchScreen.storyboard; sourceTree = "<group>"; };
		3A3EFC5928F98AE200C7EC05 /* Info.plist */ = {isa = PBXFileReference; lastKnownFileType = text.plist.xml; path = Info.plist; sourceTree = "<group>"; };
		3A3EFC6028F98CBE00C7EC05 /* nssl0051.jpeg */ = {isa = PBXFileReference; lastKnownFileType = image.jpeg; path = nssl0051.jpeg; sourceTree = "<group>"; };
		3A3EFC6128F98CBE00C7EC05 /* nssl0046.jpeg */ = {isa = PBXFileReference; lastKnownFileType = image.jpeg; path = nssl0046.jpeg; sourceTree = "<group>"; };
		3A3EFC6228F98CBE00C7EC05 /* nssl0041.jpeg */ = {isa = PBXFileReference; lastKnownFileType = image.jpeg; path = nssl0041.jpeg; sourceTree = "<group>"; };
		3A3EFC6328F98CBE00C7EC05 /* nssl0034.jpeg */ = {isa = PBXFileReference; lastKnownFileType = image.jpeg; path = nssl0034.jpeg; sourceTree = "<group>"; };
		3A3EFC6428F98CBE00C7EC05 /* nssl0043.jpeg */ = {isa = PBXFileReference; lastKnownFileType = image.jpeg; path = nssl0043.jpeg; sourceTree = "<group>"; };
		3A3EFC6528F98CBE00C7EC05 /* nssl0042.jpeg */ = {isa = PBXFileReference; lastKnownFileType = image.jpeg; path = nssl0042.jpeg; sourceTree = "<group>"; };
		3A3EFC6628F98CBE00C7EC05 /* nssl0045.jpeg */ = {isa = PBXFileReference; lastKnownFileType = image.jpeg; path = nssl0045.jpeg; sourceTree = "<group>"; };
		3A3EFC6728F98CBE00C7EC05 /* nssl0049.jpeg */ = {isa = PBXFileReference; lastKnownFileType = image.jpeg; path = nssl0049.jpeg; sourceTree = "<group>"; };
		3A3EFC6828F98CBE00C7EC05 /* nssl0033.jpeg */ = {isa = PBXFileReference; lastKnownFileType = image.jpeg; path = nssl0033.jpeg; sourceTree = "<group>"; };
		3A3EFC6928F98CBE00C7EC05 /* nssl0091.jpeg */ = {isa = PBXFileReference; lastKnownFileType = image.jpeg; path = nssl0091.jpeg; sourceTree = "<group>"; };
/* End PBXFileReference section */

/* Begin PBXFrameworksBuildPhase section */
		3A3EFC4528F98ADF00C7EC05 /* Frameworks */ = {
			isa = PBXFrameworksBuildPhase;
			buildActionMask = 2147483647;
			files = (
			);
			runOnlyForDeploymentPostprocessing = 0;
		};
/* End PBXFrameworksBuildPhase section */

/* Begin PBXGroup section */
		3A3EFC3F28F98ADF00C7EC05 = {
			isa = PBXGroup;
			children = (
				3A3EFC4A28F98ADF00C7EC05 /* Project1 */,
				3A3EFC4928F98ADF00C7EC05 /* Products */,
			);
			sourceTree = "<group>";
		};
		3A3EFC4928F98ADF00C7EC05 /* Products */ = {
			isa = PBXGroup;
			children = (
				3A3EFC4828F98ADF00C7EC05 /* Project1.app */,
			);
			name = Products;
			sourceTree = "<group>";
		};
		3A3EFC4A28F98ADF00C7EC05 /* Project1 */ = {
			isa = PBXGroup;
			children = (
				3A3EFC4B28F98ADF00C7EC05 /* AppDelegate.swift */,
				3A3EFC4D28F98ADF00C7EC05 /* SceneDelegate.swift */,
				3A3EFC4F28F98ADF00C7EC05 /* ViewController.swift */,
				3A0AC2DC28FB21B700A39425 /* DetailViewController.swift */,
				3A3EFC5128F98ADF00C7EC05 /* Main.storyboard */,
				3A3EFC5428F98AE200C7EC05 /* Assets.xcassets */,
				3A3EFC5628F98AE200C7EC05 /* LaunchScreen.storyboard */,
				3A3EFC5928F98AE200C7EC05 /* Info.plist */,
				3A3EFC5F28F98CBE00C7EC05 /* Content */,
			);
			path = Project1;
			sourceTree = "<group>";
		};
		3A3EFC5F28F98CBE00C7EC05 /* Content */ = {
			isa = PBXGroup;
			children = (
				3A3EFC6028F98CBE00C7EC05 /* nssl0051.jpeg */,
				3A3EFC6128F98CBE00C7EC05 /* nssl0046.jpeg */,
				3A3EFC6228F98CBE00C7EC05 /* nssl0041.jpeg */,
				3A3EFC6328F98CBE00C7EC05 /* nssl0034.jpeg */,
				3A3EFC6428F98CBE00C7EC05 /* nssl0043.jpeg */,
				3A3EFC6528F98CBE00C7EC05 /* nssl0042.jpeg */,
				3A3EFC6628F98CBE00C7EC05 /* nssl0045.jpeg */,
				3A3EFC6728F98CBE00C7EC05 /* nssl0049.jpeg */,
				3A3EFC6828F98CBE00C7EC05 /* nssl0033.jpeg */,
				3A3EFC6928F98CBE00C7EC05 /* nssl0091.jpeg */,
			);
			path = Content;
			sourceTree = "<group>";
		};
/* End PBXGroup section */

/* Begin PBXNativeTarget section */
		3A3EFC4728F98ADF00C7EC05 /* Project1 */ = {
			isa = PBXNativeTarget;
			buildConfigurationList = 3A3EFC5C28F98AE200C7EC05 /* Build configuration list for PBXNativeTarget "Project1" */;
			buildPhases = (
				3A3EFC4428F98ADF00C7EC05 /* Sources */,
				3A3EFC4528F98ADF00C7EC05 /* Frameworks */,
				3A3EFC4628F98ADF00C7EC05 /* Resources */,
			);
			buildRules = (
			);
			dependencies = (
			);
			name = Project1;
			productName = Project1;
			productReference = 3A3EFC4828F98ADF00C7EC05 /* Project1.app */;
			productType = "com.apple.product-type.application";
		};
/* End PBXNativeTarget section */

/* Begin PBXProject section */
		3A3EFC4028F98ADF00C7EC05 /* Project object */ = {
			isa = PBXProject;
			attributes = {
				BuildIndependentTargetsInParallel = 1;
				LastSwiftUpdateCheck = 1330;
				LastUpgradeCheck = 1330;
				TargetAttributes = {
					3A3EFC4728F98ADF00C7EC05 = {
						CreatedOnToolsVersion = 13.3.1;
					};
				};
			};
			buildConfigurationList = 3A3EFC4328F98ADF00C7EC05 /* Build configuration list for PBXProject "Project1" */;
			compatibilityVersion = "Xcode 13.0";
			developmentRegion = en;
			hasScannedForEncodings = 0;
			knownRegions = (
				en,
				Base,
			);
			mainGroup = 3A3EFC3F28F98ADF00C7EC05;
			productRefGroup = 3A3EFC4928F98ADF00C7EC05 /* Products */;
			projectDirPath = "";
			projectRoot = "";
			targets = (
				3A3EFC4728F98ADF00C7EC05 /* Project1 */,
			);
		};
/* End PBXProject section */

/* Begin PBXResourcesBuildPhase section */
		3A3EFC4628F98ADF00C7EC05 /* Resources */ = {
			isa = PBXResourcesBuildPhase;
			buildActionMask = 2147483647;
			files = (
				3A3EFC6E28F98CBE00C7EC05 /* nssl0043.jpeg in Resources */,
				3A3EFC5828F98AE200C7EC05 /* LaunchScreen.storyboard in Resources */,
				3A3EFC6B28F98CBE00C7EC05 /* nssl0046.jpeg in Resources */,
				3A3EFC6D28F98CBE00C7EC05 /* nssl0034.jpeg in Resources */,
				3A3EFC6C28F98CBE00C7EC05 /* nssl0041.jpeg in Resources */,
				3A3EFC5528F98AE200C7EC05 /* Assets.xcassets in Resources */,
				3A3EFC7028F98CBE00C7EC05 /* nssl0045.jpeg in Resources */,
				3A3EFC5328F98ADF00C7EC05 /* Main.storyboard in Resources */,
				3A3EFC6A28F98CBE00C7EC05 /* nssl0051.jpeg in Resources */,
				3A3EFC7328F98CBE00C7EC05 /* nssl0091.jpeg in Resources */,
				3A3EFC7128F98CBE00C7EC05 /* nssl0049.jpeg in Resources */,
				3A3EFC6F28F98CBE00C7EC05 /* nssl0042.jpeg in Resources */,
				3A3EFC7228F98CBE00C7EC05 /* nssl0033.jpeg in Resources */,
			);
			runOnlyForDeploymentPostprocessing = 0;
		};
/* End PBXResourcesBuildPhase section */

/* Begin PBXSourcesBuildPhase section */
		3A3EFC4428F98ADF00C7EC05 /* Sources */ = {
			isa = PBXSourcesBuildPhase;
			buildActionMask = 2147483647;
			files = (
				3A3EFC5028F98ADF00C7EC05 /* ViewController.swift in Sources */,
				3A3EFC4C28F98ADF00C7EC05 /* AppDelegate.swift in Sources */,
				3A3EFC4E28F98ADF00C7EC05 /* SceneDelegate.swift in Sources */,
				3A0AC2DD28FB21B700A39425 /* DetailViewController.swift in Sources */,
			);
			runOnlyForDeploymentPostprocessing = 0;
		};
/* End PBXSourcesBuildPhase section */

/* Begin PBXVariantGroup section */
		3A3EFC5128F98ADF00C7EC05 /* Main.storyboard */ = {
			isa = PBXVariantGroup;
			children = (
				3A3EFC5228F98ADF00C7EC05 /* Base */,
			);
			name = Main.storyboard;
			sourceTree = "<group>";
		};
		3A3EFC5628F98AE200C7EC05 /* LaunchScreen.storyboard */ = {
			isa = PBXVariantGroup;
			children = (
				3A3EFC5728F98AE200C7EC05 /* Base */,
			);
			name = LaunchScreen.storyboard;
			sourceTree = "<group>";
		};
/* End PBXVariantGroup section */

/* Begin XCBuildConfiguration section */
		3A3EFC5A28F98AE200C7EC05 /* Debug */ = {
			isa = XCBuildConfiguration;
			buildSettings = {
				ALWAYS_SEARCH_USER_PATHS = NO;
				CLANG_ANALYZER_NONNULL = YES;
				CLANG_ANALYZER_NUMBER_OBJECT_CONVERSION = YES_AGGRESSIVE;
				CLANG_CXX_LANGUAGE_STANDARD = "gnu++17";
				CLANG_ENABLE_MODULES = YES;
				CLANG_ENABLE_OBJC_ARC = YES;
				CLANG_ENABLE_OBJC_WEAK = YES;
				CLANG_WARN_BLOCK_CAPTURE_AUTORELEASING = YES;
				CLANG_WARN_BOOL_CONVERSION = YES;
				CLANG_WARN_COMMA = YES;
				CLANG_WARN_CONSTANT_CONVERSION = YES;
				CLANG_WARN_DEPRECATED_OBJC_IMPLEMENTATIONS = YES;
				CLANG_WARN_DIRECT_OBJC_ISA_USAGE = YES_ERROR;
				CLANG_WARN_DOCUMENTATION_COMMENTS = YES;
				CLANG_WARN_EMPTY_BODY = YES;
				CLANG_WARN_ENUM_CONVERSION = YES;
				CLANG_WARN_INFINITE_RECURSION = YES;
				CLANG_WARN_INT_CONVERSION = YES;
				CLANG_WARN_NON_LITERAL_NULL_CONVERSION = YES;
				CLANG_WARN_OBJC_IMPLICIT_RETAIN_SELF = YES;
				CLANG_WARN_OBJC_LITERAL_CONVERSION = YES;
				CLANG_WARN_OBJC_ROOT_CLASS = YES_ERROR;
				CLANG_WARN_QUOTED_INCLUDE_IN_FRAMEWORK_HEADER = YES;
				CLANG_WARN_RANGE_LOOP_ANALYSIS = YES;
				CLANG_WARN_STRICT_PROTOTYPES = YES;
				CLANG_WARN_SUSPICIOUS_MOVE = YES;
				CLANG_WARN_UNGUARDED_AVAILABILITY = YES_AGGRESSIVE;
				CLANG_WARN_UNREACHABLE_CODE = YES;
				CLANG_WARN__DUPLICATE_METHOD_MATCH = YES;
				COPY_PHASE_STRIP = NO;
				DEBUG_INFORMATION_FORMAT = dwarf;
				ENABLE_STRICT_OBJC_MSGSEND = YES;
				ENABLE_TESTABILITY = YES;
				GCC_C_LANGUAGE_STANDARD = gnu11;
				GCC_DYNAMIC_NO_PIC = NO;
				GCC_NO_COMMON_BLOCKS = YES;
				GCC_OPTIMIZATION_LEVEL = 0;
				GCC_PREPROCESSOR_DEFINITIONS = (
					"DEBUG=1",
					"$(inherited)",
				);
				GCC_WARN_64_TO_32_BIT_CONVERSION = YES;
				GCC_WARN_ABOUT_RETURN_TYPE = YES_ERROR;
				GCC_WARN_UNDECLARED_SELECTOR = YES;
				GCC_WARN_UNINITIALIZED_AUTOS = YES_AGGRESSIVE;
				GCC_WARN_UNUSED_FUNCTION = YES;
				GCC_WARN_UNUSED_VARIABLE = YES;
				IPHONEOS_DEPLOYMENT_TARGET = 15.4;
				MTL_ENABLE_DEBUG_INFO = INCLUDE_SOURCE;
				MTL_FAST_MATH = YES;
				ONLY_ACTIVE_ARCH = YES;
				SDKROOT = iphoneos;
				SWIFT_ACTIVE_COMPILATION_CONDITIONS = DEBUG;
				SWIFT_OPTIMIZATION_LEVEL = "-Onone";
			};
			name = Debug;
		};
		3A3EFC5B28F98AE200C7EC05 /* Release */ = {
			isa = XCBuildConfiguration;
			buildSettings = {
				ALWAYS_SEARCH_USER_PATHS = NO;
				CLANG_ANALYZER_NONNULL = YES;
				CLANG_ANALYZER_NUMBER_OBJECT_CONVERSION = YES_AGGRESSIVE;
				CLANG_CXX_LANGUAGE_STANDARD = "gnu++17";
				CLANG_ENABLE_MODULES = YES;
				CLANG_ENABLE_OBJC_ARC = YES;
				CLANG_ENABLE_OBJC_WEAK = YES;
				CLANG_WARN_BLOCK_CAPTURE_AUTORELEASING = YES;
				CLANG_WARN_BOOL_CONVERSION = YES;
				CLANG_WARN_COMMA = YES;
				CLANG_WARN_CONSTANT_CONVERSION = YES;
				CLANG_WARN_DEPRECATED_OBJC_IMPLEMENTATIONS = YES;
				CLANG_WARN_DIRECT_OBJC_ISA_USAGE = YES_ERROR;
				CLANG_WARN_DOCUMENTATION_COMMENTS = YES;
				CLANG_WARN_EMPTY_BODY = YES;
				CLANG_WARN_ENUM_CONVERSION = YES;
				CLANG_WARN_INFINITE_RECURSION = YES;
				CLANG_WARN_INT_CONVERSION = YES;
				CLANG_WARN_NON_LITERAL_NULL_CONVERSION = YES;
				CLANG_WARN_OBJC_IMPLICIT_RETAIN_SELF = YES;
				CLANG_WARN_OBJC_LITERAL_CONVERSION = YES;
				CLANG_WARN_OBJC_ROOT_CLASS = YES_ERROR;
				CLANG_WARN_QUOTED_INCLUDE_IN_FRAMEWORK_HEADER = YES;
				CLANG_WARN_RANGE_LOOP_ANALYSIS = YES;
				CLANG_WARN_STRICT_PROTOTYPES = YES;
				CLANG_WARN_SUSPICIOUS_MOVE = YES;
				CLANG_WARN_UNGUARDED_AVAILABILITY = YES_AGGRESSIVE;
				CLANG_WARN_UNREACHABLE_CODE = YES;
				CLANG_WARN__DUPLICATE_METHOD_MATCH = YES;
				COPY_PHASE_STRIP = NO;
				DEBUG_INFORMATION_FORMAT = "dwarf-with-dsym";
				ENABLE_NS_ASSERTIONS = NO;
				ENABLE_STRICT_OBJC_MSGSEND = YES;
				GCC_C_LANGUAGE_STANDARD = gnu11;
				GCC_NO_COMMON_BLOCKS = YES;
				GCC_WARN_64_TO_32_BIT_CONVERSION = YES;
				GCC_WARN_ABOUT_RETURN_TYPE = YES_ERROR;
				GCC_WARN_UNDECLARED_SELECTOR = YES;
				GCC_WARN_UNINITIALIZED_AUTOS = YES_AGGRESSIVE;
				GCC_WARN_UNUSED_FUNCTION = YES;
				GCC_WARN_UNUSED_VARIABLE = YES;
				IPHONEOS_DEPLOYMENT_TARGET = 15.4;
				MTL_ENABLE_DEBUG_INFO = NO;
				MTL_FAST_MATH = YES;
				SDKROOT = iphoneos;
				SWIFT_COMPILATION_MODE = wholemodule;
				SWIFT_OPTIMIZATION_LEVEL = "-O";
				VALIDATE_PRODUCT = YES;
			};
			name = Release;
		};
		3A3EFC5D28F98AE200C7EC05 /* Debug */ = {
			isa = XCBuildConfiguration;
			buildSettings = {
				ASSETCATALOG_COMPILER_APPICON_NAME = AppIcon;
				ASSETCATALOG_COMPILER_GLOBAL_ACCENT_COLOR_NAME = AccentColor;
				CODE_SIGN_STYLE = Automatic;
				CURRENT_PROJECT_VERSION = 1;
				DEVELOPMENT_TEAM = 6GB2DUG9QB;
				GENERATE_INFOPLIST_FILE = YES;
				INFOPLIST_FILE = Project1/Info.plist;
				INFOPLIST_KEY_UIApplicationSupportsIndirectInputEvents = YES;
				INFOPLIST_KEY_UILaunchStoryboardName = LaunchScreen;
				INFOPLIST_KEY_UIMainStoryboardFile = Main;
				INFOPLIST_KEY_UISupportedInterfaceOrientations_iPad = "UIInterfaceOrientationPortrait UIInterfaceOrientationPortraitUpsideDown UIInterfaceOrientationLandscapeLeft UIInterfaceOrientationLandscapeRight";
				INFOPLIST_KEY_UISupportedInterfaceOrientations_iPhone = "UIInterfaceOrientationPortrait UIInterfaceOrientationLandscapeLeft UIInterfaceOrientationLandscapeRight";
				LD_RUNPATH_SEARCH_PATHS = (
					"$(inherited)",
					"@executable_path/Frameworks",
				);
				MARKETING_VERSION = 1.0;
				PRODUCT_BUNDLE_IDENTIFIER = me.ilgin.Project1;
				PRODUCT_NAME = "$(TARGET_NAME)";
				SWIFT_EMIT_LOC_STRINGS = YES;
				SWIFT_VERSION = 5.0;
				TARGETED_DEVICE_FAMILY = "1,2";
			};
			name = Debug;
		};
		3A3EFC5E28F98AE200C7EC05 /* Release */ = {
			isa = XCBuildConfiguration;
			buildSettings = {
				ASSETCATALOG_COMPILER_APPICON_NAME = AppIcon;
				ASSETCATALOG_COMPILER_GLOBAL_ACCENT_COLOR_NAME = AccentColor;
				CODE_SIGN_STYLE = Automatic;
				CURRENT_PROJECT_VERSION = 1;
				DEVELOPMENT_TEAM = 6GB2DUG9QB;
				GENERATE_INFOPLIST_FILE = YES;
				INFOPLIST_FILE = Project1/Info.plist;
				INFOPLIST_KEY_UIApplicationSupportsIndirectInputEvents = YES;
				INFOPLIST_KEY_UILaunchStoryboardName = LaunchScreen;
				INFOPLIST_KEY_UIMainStoryboardFile = Main;
				INFOPLIST_KEY_UISupportedInterfaceOrientations_iPad = "UIInterfaceOrientationPortrait UIInterfaceOrientationPortraitUpsideDown UIInterfaceOrientationLandscapeLeft UIInterfaceOrientationLandscapeRight";
				INFOPLIST_KEY_UISupportedInterfaceOrientations_iPhone = "UIInterfaceOrientationPortrait UIInterfaceOrientationLandscapeLeft UIInterfaceOrientationLandscapeRight";
				LD_RUNPATH_SEARCH_PATHS = (
					"$(inherited)",
					"@executable_path/Frameworks",
				);
				MARKETING_VERSION = 1.0;
				PRODUCT_BUNDLE_IDENTIFIER = me.ilgin.Project1;
				PRODUCT_NAME = "$(TARGET_NAME)";
				SWIFT_EMIT_LOC_STRINGS = YES;
				SWIFT_VERSION = 5.0;
				TARGETED_DEVICE_FAMILY = "1,2";
			};
			name = Release;
		};
/* End XCBuildConfiguration section */

/* Begin XCConfigurationList section */
		3A3EFC4328F98ADF00C7EC05 /* Build configuration list for PBXProject "Project1" */ = {
			isa = XCConfigurationList;
			buildConfigurations = (
				3A3EFC5A28F98AE200C7EC05 /* Debug */,
				3A3EFC5B28F98AE200C7EC05 /* Release */,
			);
			defaultConfigurationIsVisible = 0;
			defaultConfigurationName = Release;
		};
		3A3EFC5C28F98AE200C7EC05 /* Build configuration list for PBXNativeTarget "Project1" */ = {
			isa = XCConfigurationList;
			buildConfigurations = (
				3A3EFC5D28F98AE200C7EC05 /* Debug */,
				3A3EFC5E28F98AE200C7EC05 /* Release */,
			);
			defaultConfigurationIsVisible = 0;
			defaultConfigurationName = Release;
		};
/* End XCConfigurationList section */
	};
	rootObject = 3A3EFC4028F98ADF00C7EC05 /* Project object */;
}
